// !$*UTF8*$!
{
	archiveVersion = 1;
	classes = {
	};
	objectVersion = 55;
	objects = {

/* Begin PBXBuildFile section */
		BF0D372B28C5A8FC004AC640 /* tvOSSwiftUIAccessibilityDebuggingApp.swift in Sources */ = {isa = PBXBuildFile; fileRef = BF0D372A28C5A8FC004AC640 /* tvOSSwiftUIAccessibilityDebuggingApp.swift */; };
		BF0D372D28C5A8FC004AC640 /* ContentView.swift in Sources */ = {isa = PBXBuildFile; fileRef = BF0D372C28C5A8FC004AC640 /* ContentView.swift */; };
		BF0D372F28C5A8FD004AC640 /* Assets.xcassets in Resources */ = {isa = PBXBuildFile; fileRef = BF0D372E28C5A8FD004AC640 /* Assets.xcassets */; };
		BF0D373228C5A8FD004AC640 /* Preview Assets.xcassets in Resources */ = {isa = PBXBuildFile; fileRef = BF0D373128C5A8FD004AC640 /* Preview Assets.xcassets */; };
		BF0D373C28C5A8FD004AC640 /* tvOSSwiftUIAccessibilityDebuggingTests.swift in Sources */ = {isa = PBXBuildFile; fileRef = BF0D373B28C5A8FD004AC640 /* tvOSSwiftUIAccessibilityDebuggingTests.swift */; };
		BF0D374628C5A8FD004AC640 /* tvOSSwiftUIAccessibilityDebuggingUITests.swift in Sources */ = {isa = PBXBuildFile; fileRef = BF0D374528C5A8FD004AC640 /* tvOSSwiftUIAccessibilityDebuggingUITests.swift */; };
		BF0D374828C5A8FD004AC640 /* tvOSSwiftUIAccessibilityDebuggingUITestsLaunchTests.swift in Sources */ = {isa = PBXBuildFile; fileRef = BF0D374728C5A8FD004AC640 /* tvOSSwiftUIAccessibilityDebuggingUITestsLaunchTests.swift */; };
/* End PBXBuildFile section */

/* Begin PBXContainerItemProxy section */
		BF0D373828C5A8FD004AC640 /* PBXContainerItemProxy */ = {
			isa = PBXContainerItemProxy;
			containerPortal = BF0D371F28C5A8FC004AC640 /* Project object */;
			proxyType = 1;
			remoteGlobalIDString = BF0D372628C5A8FC004AC640;
			remoteInfo = tvOSSwiftUIAccessibilityDebugging;
		};
		BF0D374228C5A8FD004AC640 /* PBXContainerItemProxy */ = {
			isa = PBXContainerItemProxy;
			containerPortal = BF0D371F28C5A8FC004AC640 /* Project object */;
			proxyType = 1;
			remoteGlobalIDString = BF0D372628C5A8FC004AC640;
			remoteInfo = tvOSSwiftUIAccessibilityDebugging;
		};
/* End PBXContainerItemProxy section */

/* Begin PBXFileReference section */
		BF0D372728C5A8FC004AC640 /* tvOSSwiftUIAccessibilityDebugging.app */ = {isa = PBXFileReference; explicitFileType = wrapper.application; includeInIndex = 0; path = tvOSSwiftUIAccessibilityDebugging.app; sourceTree = BUILT_PRODUCTS_DIR; };
		BF0D372A28C5A8FC004AC640 /* tvOSSwiftUIAccessibilityDebuggingApp.swift */ = {isa = PBXFileReference; lastKnownFileType = sourcecode.swift; path = tvOSSwiftUIAccessibilityDebuggingApp.swift; sourceTree = "<group>"; };
		BF0D372C28C5A8FC004AC640 /* ContentView.swift */ = {isa = PBXFileReference; lastKnownFileType = sourcecode.swift; path = ContentView.swift; sourceTree = "<group>"; };
		BF0D372E28C5A8FD004AC640 /* Assets.xcassets */ = {isa = PBXFileReference; lastKnownFileType = folder.assetcatalog; path = Assets.xcassets; sourceTree = "<group>"; };
		BF0D373128C5A8FD004AC640 /* Preview Assets.xcassets */ = {isa = PBXFileReference; lastKnownFileType = folder.assetcatalog; path = "Preview Assets.xcassets"; sourceTree = "<group>"; };
		BF0D373728C5A8FD004AC640 /* tvOSSwiftUIAccessibilityDebuggingTests.xctest */ = {isa = PBXFileReference; explicitFileType = wrapper.cfbundle; includeInIndex = 0; path = tvOSSwiftUIAccessibilityDebuggingTests.xctest; sourceTree = BUILT_PRODUCTS_DIR; };
		BF0D373B28C5A8FD004AC640 /* tvOSSwiftUIAccessibilityDebuggingTests.swift */ = {isa = PBXFileReference; lastKnownFileType = sourcecode.swift; path = tvOSSwiftUIAccessibilityDebuggingTests.swift; sourceTree = "<group>"; };
		BF0D374128C5A8FD004AC640 /* tvOSSwiftUIAccessibilityDebuggingUITests.xctest */ = {isa = PBXFileReference; explicitFileType = wrapper.cfbundle; includeInIndex = 0; path = tvOSSwiftUIAccessibilityDebuggingUITests.xctest; sourceTree = BUILT_PRODUCTS_DIR; };
		BF0D374528C5A8FD004AC640 /* tvOSSwiftUIAccessibilityDebuggingUITests.swift */ = {isa = PBXFileReference; lastKnownFileType = sourcecode.swift; path = tvOSSwiftUIAccessibilityDebuggingUITests.swift; sourceTree = "<group>"; };
		BF0D374728C5A8FD004AC640 /* tvOSSwiftUIAccessibilityDebuggingUITestsLaunchTests.swift */ = {isa = PBXFileReference; lastKnownFileType = sourcecode.swift; path = tvOSSwiftUIAccessibilityDebuggingUITestsLaunchTests.swift; sourceTree = "<group>"; };
/* End PBXFileReference section */

/* Begin PBXFrameworksBuildPhase section */
		BF0D372428C5A8FC004AC640 /* Frameworks */ = {
			isa = PBXFrameworksBuildPhase;
			buildActionMask = 2147483647;
			files = (
			);
			runOnlyForDeploymentPostprocessing = 0;
		};
		BF0D373428C5A8FD004AC640 /* Frameworks */ = {
			isa = PBXFrameworksBuildPhase;
			buildActionMask = 2147483647;
			files = (
			);
			runOnlyForDeploymentPostprocessing = 0;
		};
		BF0D373E28C5A8FD004AC640 /* Frameworks */ = {
			isa = PBXFrameworksBuildPhase;
			buildActionMask = 2147483647;
			files = (
			);
			runOnlyForDeploymentPostprocessing = 0;
		};
/* End PBXFrameworksBuildPhase section */

/* Begin PBXGroup section */
		BF0D371E28C5A8FC004AC640 = {
			isa = PBXGroup;
			children = (
				BF0D372928C5A8FC004AC640 /* tvOSSwiftUIAccessibilityDebugging */,
				BF0D373A28C5A8FD004AC640 /* tvOSSwiftUIAccessibilityDebuggingTests */,
				BF0D374428C5A8FD004AC640 /* tvOSSwiftUIAccessibilityDebuggingUITests */,
				BF0D372828C5A8FC004AC640 /* Products */,
			);
			sourceTree = "<group>";
		};
		BF0D372828C5A8FC004AC640 /* Products */ = {
			isa = PBXGroup;
			children = (
				BF0D372728C5A8FC004AC640 /* tvOSSwiftUIAccessibilityDebugging.app */,
				BF0D373728C5A8FD004AC640 /* tvOSSwiftUIAccessibilityDebuggingTests.xctest */,
				BF0D374128C5A8FD004AC640 /* tvOSSwiftUIAccessibilityDebuggingUITests.xctest */,
			);
			name = Products;
			sourceTree = "<group>";
		};
		BF0D372928C5A8FC004AC640 /* tvOSSwiftUIAccessibilityDebugging */ = {
			isa = PBXGroup;
			children = (
				BF0D372A28C5A8FC004AC640 /* tvOSSwiftUIAccessibilityDebuggingApp.swift */,
				BF0D372C28C5A8FC004AC640 /* ContentView.swift */,
				BF0D372E28C5A8FD004AC640 /* Assets.xcassets */,
				BF0D373028C5A8FD004AC640 /* Preview Content */,
			);
			path = tvOSSwiftUIAccessibilityDebugging;
			sourceTree = "<group>";
		};
		BF0D373028C5A8FD004AC640 /* Preview Content */ = {
			isa = PBXGroup;
			children = (
				BF0D373128C5A8FD004AC640 /* Preview Assets.xcassets */,
			);
			path = "Preview Content";
			sourceTree = "<group>";
		};
		BF0D373A28C5A8FD004AC640 /* tvOSSwiftUIAccessibilityDebuggingTests */ = {
			isa = PBXGroup;
			children = (
				BF0D373B28C5A8FD004AC640 /* tvOSSwiftUIAccessibilityDebuggingTests.swift */,
			);
			path = tvOSSwiftUIAccessibilityDebuggingTests;
			sourceTree = "<group>";
		};
		BF0D374428C5A8FD004AC640 /* tvOSSwiftUIAccessibilityDebuggingUITests */ = {
			isa = PBXGroup;
			children = (
				BF0D374528C5A8FD004AC640 /* tvOSSwiftUIAccessibilityDebuggingUITests.swift */,
				BF0D374728C5A8FD004AC640 /* tvOSSwiftUIAccessibilityDebuggingUITestsLaunchTests.swift */,
			);
			path = tvOSSwiftUIAccessibilityDebuggingUITests;
			sourceTree = "<group>";
		};
/* End PBXGroup section */

/* Begin PBXNativeTarget section */
		BF0D372628C5A8FC004AC640 /* tvOSSwiftUIAccessibilityDebugging */ = {
			isa = PBXNativeTarget;
			buildConfigurationList = BF0D374B28C5A8FD004AC640 /* Build configuration list for PBXNativeTarget "tvOSSwiftUIAccessibilityDebugging" */;
			buildPhases = (
				BF0D372328C5A8FC004AC640 /* Sources */,
				BF0D372428C5A8FC004AC640 /* Frameworks */,
				BF0D372528C5A8FC004AC640 /* Resources */,
			);
			buildRules = (
			);
			dependencies = (
			);
			name = tvOSSwiftUIAccessibilityDebugging;
			productName = tvOSSwiftUIAccessibilityDebugging;
			productReference = BF0D372728C5A8FC004AC640 /* tvOSSwiftUIAccessibilityDebugging.app */;
			productType = "com.apple.product-type.application";
		};
		BF0D373628C5A8FD004AC640 /* tvOSSwiftUIAccessibilityDebuggingTests */ = {
			isa = PBXNativeTarget;
			buildConfigurationList = BF0D374E28C5A8FD004AC640 /* Build configuration list for PBXNativeTarget "tvOSSwiftUIAccessibilityDebuggingTests" */;
			buildPhases = (
				BF0D373328C5A8FD004AC640 /* Sources */,
				BF0D373428C5A8FD004AC640 /* Frameworks */,
				BF0D373528C5A8FD004AC640 /* Resources */,
			);
			buildRules = (
			);
			dependencies = (
				BF0D373928C5A8FD004AC640 /* PBXTargetDependency */,
			);
			name = tvOSSwiftUIAccessibilityDebuggingTests;
			productName = tvOSSwiftUIAccessibilityDebuggingTests;
			productReference = BF0D373728C5A8FD004AC640 /* tvOSSwiftUIAccessibilityDebuggingTests.xctest */;
			productType = "com.apple.product-type.bundle.unit-test";
		};
		BF0D374028C5A8FD004AC640 /* tvOSSwiftUIAccessibilityDebuggingUITests */ = {
			isa = PBXNativeTarget;
			buildConfigurationList = BF0D375128C5A8FD004AC640 /* Build configuration list for PBXNativeTarget "tvOSSwiftUIAccessibilityDebuggingUITests" */;
			buildPhases = (
				BF0D373D28C5A8FD004AC640 /* Sources */,
				BF0D373E28C5A8FD004AC640 /* Frameworks */,
				BF0D373F28C5A8FD004AC640 /* Resources */,
			);
			buildRules = (
			);
			dependencies = (
				BF0D374328C5A8FD004AC640 /* PBXTargetDependency */,
			);
			name = tvOSSwiftUIAccessibilityDebuggingUITests;
			productName = tvOSSwiftUIAccessibilityDebuggingUITests;
			productReference = BF0D374128C5A8FD004AC640 /* tvOSSwiftUIAccessibilityDebuggingUITests.xctest */;
			productType = "com.apple.product-type.bundle.ui-testing";
		};
/* End PBXNativeTarget section */

/* Begin PBXProject section */
		BF0D371F28C5A8FC004AC640 /* Project object */ = {
			isa = PBXProject;
			attributes = {
				BuildIndependentTargetsInParallel = 1;
				LastSwiftUpdateCheck = 1340;
				LastUpgradeCheck = 1340;
				TargetAttributes = {
					BF0D372628C5A8FC004AC640 = {
						CreatedOnToolsVersion = 13.4.1;
					};
					BF0D373628C5A8FD004AC640 = {
						CreatedOnToolsVersion = 13.4.1;
						TestTargetID = BF0D372628C5A8FC004AC640;
					};
					BF0D374028C5A8FD004AC640 = {
						CreatedOnToolsVersion = 13.4.1;
						TestTargetID = BF0D372628C5A8FC004AC640;
					};
				};
			};
			buildConfigurationList = BF0D372228C5A8FC004AC640 /* Build configuration list for PBXProject "tvOSSwiftUIAccessibilityDebugging" */;
			compatibilityVersion = "Xcode 13.0";
			developmentRegion = en;
			hasScannedForEncodings = 0;
			knownRegions = (
				en,
				Base,
			);
			mainGroup = BF0D371E28C5A8FC004AC640;
			productRefGroup = BF0D372828C5A8FC004AC640 /* Products */;
			projectDirPath = "";
			projectRoot = "";
			targets = (
				BF0D372628C5A8FC004AC640 /* tvOSSwiftUIAccessibilityDebugging */,
				BF0D373628C5A8FD004AC640 /* tvOSSwiftUIAccessibilityDebuggingTests */,
				BF0D374028C5A8FD004AC640 /* tvOSSwiftUIAccessibilityDebuggingUITests */,
			);
		};
/* End PBXProject section */

/* Begin PBXResourcesBuildPhase section */
		BF0D372528C5A8FC004AC640 /* Resources */ = {
			isa = PBXResourcesBuildPhase;
			buildActionMask = 2147483647;
			files = (
				BF0D373228C5A8FD004AC640 /* Preview Assets.xcassets in Resources */,
				BF0D372F28C5A8FD004AC640 /* Assets.xcassets in Resources */,
			);
			runOnlyForDeploymentPostprocessing = 0;
		};
		BF0D373528C5A8FD004AC640 /* Resources */ = {
			isa = PBXResourcesBuildPhase;
			buildActionMask = 2147483647;
			files = (
			);
			runOnlyForDeploymentPostprocessing = 0;
		};
		BF0D373F28C5A8FD004AC640 /* Resources */ = {
			isa = PBXResourcesBuildPhase;
			buildActionMask = 2147483647;
			files = (
			);
			runOnlyForDeploymentPostprocessing = 0;
		};
/* End PBXResourcesBuildPhase section */

/* Begin PBXSourcesBuildPhase section */
		BF0D372328C5A8FC004AC640 /* Sources */ = {
			isa = PBXSourcesBuildPhase;
			buildActionMask = 2147483647;
			files = (
				BF0D372D28C5A8FC004AC640 /* ContentView.swift in Sources */,
				BF0D372B28C5A8FC004AC640 /* tvOSSwiftUIAccessibilityDebuggingApp.swift in Sources */,
			);
			runOnlyForDeploymentPostprocessing = 0;
		};
		BF0D373328C5A8FD004AC640 /* Sources */ = {
			isa = PBXSourcesBuildPhase;
			buildActionMask = 2147483647;
			files = (
				BF0D373C28C5A8FD004AC640 /* tvOSSwiftUIAccessibilityDebuggingTests.swift in Sources */,
			);
			runOnlyForDeploymentPostprocessing = 0;
		};
		BF0D373D28C5A8FD004AC640 /* Sources */ = {
			isa = PBXSourcesBuildPhase;
			buildActionMask = 2147483647;
			files = (
				BF0D374828C5A8FD004AC640 /* tvOSSwiftUIAccessibilityDebuggingUITestsLaunchTests.swift in Sources */,
				BF0D374628C5A8FD004AC640 /* tvOSSwiftUIAccessibilityDebuggingUITests.swift in Sources */,
			);
			runOnlyForDeploymentPostprocessing = 0;
		};
/* End PBXSourcesBuildPhase section */

/* Begin PBXTargetDependency section */
		BF0D373928C5A8FD004AC640 /* PBXTargetDependency */ = {
			isa = PBXTargetDependency;
			target = BF0D372628C5A8FC004AC640 /* tvOSSwiftUIAccessibilityDebugging */;
			targetProxy = BF0D373828C5A8FD004AC640 /* PBXContainerItemProxy */;
		};
		BF0D374328C5A8FD004AC640 /* PBXTargetDependency */ = {
			isa = PBXTargetDependency;
			target = BF0D372628C5A8FC004AC640 /* tvOSSwiftUIAccessibilityDebugging */;
			targetProxy = BF0D374228C5A8FD004AC640 /* PBXContainerItemProxy */;
		};
/* End PBXTargetDependency section */

/* Begin XCBuildConfiguration section */
		BF0D374928C5A8FD004AC640 /* Debug */ = {
			isa = XCBuildConfiguration;
			buildSettings = {
				ALWAYS_SEARCH_USER_PATHS = NO;
				CLANG_ANALYZER_NONNULL = YES;
				CLANG_ANALYZER_NUMBER_OBJECT_CONVERSION = YES_AGGRESSIVE;
				CLANG_CXX_LANGUAGE_STANDARD = "gnu++17";
				CLANG_ENABLE_MODULES = YES;
				CLANG_ENABLE_OBJC_ARC = YES;
				CLANG_ENABLE_OBJC_WEAK = YES;
				CLANG_WARN_BLOCK_CAPTURE_AUTORELEASING = YES;
				CLANG_WARN_BOOL_CONVERSION = YES;
				CLANG_WARN_COMMA = YES;
				CLANG_WARN_CONSTANT_CONVERSION = YES;
				CLANG_WARN_DEPRECATED_OBJC_IMPLEMENTATIONS = YES;
				CLANG_WARN_DIRECT_OBJC_ISA_USAGE = YES_ERROR;
				CLANG_WARN_DOCUMENTATION_COMMENTS = YES;
				CLANG_WARN_EMPTY_BODY = YES;
				CLANG_WARN_ENUM_CONVERSION = YES;
				CLANG_WARN_INFINITE_RECURSION = YES;
				CLANG_WARN_INT_CONVERSION = YES;
				CLANG_WARN_NON_LITERAL_NULL_CONVERSION = YES;
				CLANG_WARN_OBJC_IMPLICIT_RETAIN_SELF = YES;
				CLANG_WARN_OBJC_LITERAL_CONVERSION = YES;
				CLANG_WARN_OBJC_ROOT_CLASS = YES_ERROR;
				CLANG_WARN_QUOTED_INCLUDE_IN_FRAMEWORK_HEADER = YES;
				CLANG_WARN_RANGE_LOOP_ANALYSIS = YES;
				CLANG_WARN_STRICT_PROTOTYPES = YES;
				CLANG_WARN_SUSPICIOUS_MOVE = YES;
				CLANG_WARN_UNGUARDED_AVAILABILITY = YES_AGGRESSIVE;
				CLANG_WARN_UNREACHABLE_CODE = YES;
				CLANG_WARN__DUPLICATE_METHOD_MATCH = YES;
				COPY_PHASE_STRIP = NO;
				DEBUG_INFORMATION_FORMAT = dwarf;
				ENABLE_STRICT_OBJC_MSGSEND = YES;
				ENABLE_TESTABILITY = YES;
				GCC_C_LANGUAGE_STANDARD = gnu11;
				GCC_DYNAMIC_NO_PIC = NO;
				GCC_NO_COMMON_BLOCKS = YES;
				GCC_OPTIMIZATION_LEVEL = 0;
				GCC_PREPROCESSOR_DEFINITIONS = (
					"DEBUG=1",
					"$(inherited)",
				);
				GCC_WARN_64_TO_32_BIT_CONVERSION = YES;
				GCC_WARN_ABOUT_RETURN_TYPE = YES_ERROR;
				GCC_WARN_UNDECLARED_SELECTOR = YES;
				GCC_WARN_UNINITIALIZED_AUTOS = YES_AGGRESSIVE;
				GCC_WARN_UNUSED_FUNCTION = YES;
				GCC_WARN_UNUSED_VARIABLE = YES;
				MTL_ENABLE_DEBUG_INFO = INCLUDE_SOURCE;
				MTL_FAST_MATH = YES;
				ONLY_ACTIVE_ARCH = YES;
				SDKROOT = appletvos;
				SWIFT_ACTIVE_COMPILATION_CONDITIONS = DEBUG;
				SWIFT_OPTIMIZATION_LEVEL = "-Onone";
				TVOS_DEPLOYMENT_TARGET = 15.4;
			};
			name = Debug;
		};
		BF0D374A28C5A8FD004AC640 /* Release */ = {
			isa = XCBuildConfiguration;
			buildSettings = {
				ALWAYS_SEARCH_USER_PATHS = NO;
				CLANG_ANALYZER_NONNULL = YES;
				CLANG_ANALYZER_NUMBER_OBJECT_CONVERSION = YES_AGGRESSIVE;
				CLANG_CXX_LANGUAGE_STANDARD = "gnu++17";
				CLANG_ENABLE_MODULES = YES;
				CLANG_ENABLE_OBJC_ARC = YES;
				CLANG_ENABLE_OBJC_WEAK = YES;
				CLANG_WARN_BLOCK_CAPTURE_AUTORELEASING = YES;
				CLANG_WARN_BOOL_CONVERSION = YES;
				CLANG_WARN_COMMA = YES;
				CLANG_WARN_CONSTANT_CONVERSION = YES;
				CLANG_WARN_DEPRECATED_OBJC_IMPLEMENTATIONS = YES;
				CLANG_WARN_DIRECT_OBJC_ISA_USAGE = YES_ERROR;
				CLANG_WARN_DOCUMENTATION_COMMENTS = YES;
				CLANG_WARN_EMPTY_BODY = YES;
				CLANG_WARN_ENUM_CONVERSION = YES;
				CLANG_WARN_INFINITE_RECURSION = YES;
				CLANG_WARN_INT_CONVERSION = YES;
				CLANG_WARN_NON_LITERAL_NULL_CONVERSION = YES;
				CLANG_WARN_OBJC_IMPLICIT_RETAIN_SELF = YES;
				CLANG_WARN_OBJC_LITERAL_CONVERSION = YES;
				CLANG_WARN_OBJC_ROOT_CLASS = YES_ERROR;
				CLANG_WARN_QUOTED_INCLUDE_IN_FRAMEWORK_HEADER = YES;
				CLANG_WARN_RANGE_LOOP_ANALYSIS = YES;
				CLANG_WARN_STRICT_PROTOTYPES = YES;
				CLANG_WARN_SUSPICIOUS_MOVE = YES;
				CLANG_WARN_UNGUARDED_AVAILABILITY = YES_AGGRESSIVE;
				CLANG_WARN_UNREACHABLE_CODE = YES;
				CLANG_WARN__DUPLICATE_METHOD_MATCH = YES;
				COPY_PHASE_STRIP = NO;
				DEBUG_INFORMATION_FORMAT = "dwarf-with-dsym";
				ENABLE_NS_ASSERTIONS = NO;
				ENABLE_STRICT_OBJC_MSGSEND = YES;
				GCC_C_LANGUAGE_STANDARD = gnu11;
				GCC_NO_COMMON_BLOCKS = YES;
				GCC_WARN_64_TO_32_BIT_CONVERSION = YES;
				GCC_WARN_ABOUT_RETURN_TYPE = YES_ERROR;
				GCC_WARN_UNDECLARED_SELECTOR = YES;
				GCC_WARN_UNINITIALIZED_AUTOS = YES_AGGRESSIVE;
				GCC_WARN_UNUSED_FUNCTION = YES;
				GCC_WARN_UNUSED_VARIABLE = YES;
				MTL_ENABLE_DEBUG_INFO = NO;
				MTL_FAST_MATH = YES;
				SDKROOT = appletvos;
				SWIFT_COMPILATION_MODE = wholemodule;
				SWIFT_OPTIMIZATION_LEVEL = "-O";
				TVOS_DEPLOYMENT_TARGET = 15.4;
				VALIDATE_PRODUCT = YES;
			};
			name = Release;
		};
		BF0D374C28C5A8FD004AC640 /* Debug */ = {
			isa = XCBuildConfiguration;
			buildSettings = {
				ASSETCATALOG_COMPILER_APPICON_NAME = "App Icon & Top Shelf Image";
				ASSETCATALOG_COMPILER_GLOBAL_ACCENT_COLOR_NAME = AccentColor;
				CODE_SIGN_STYLE = Automatic;
				CURRENT_PROJECT_VERSION = 1;
				DEVELOPMENT_ASSET_PATHS = "\"tvOSSwiftUIAccessibilityDebugging/Preview Content\"";
				DEVELOPMENT_TEAM = WE65J257FL;
				ENABLE_PREVIEWS = YES;
				GENERATE_INFOPLIST_FILE = YES;
				INFOPLIST_KEY_UILaunchScreen_Generation = YES;
				INFOPLIST_KEY_UIUserInterfaceStyle = Automatic;
				LD_RUNPATH_SEARCH_PATHS = (
					"$(inherited)",
					"@executable_path/Frameworks",
				);
				MARKETING_VERSION = 1.0;
				PRODUCT_BUNDLE_IDENTIFIER = au.com.apptech.tvOSSwiftUIAccessibilityDebugging;
				PRODUCT_NAME = "$(TARGET_NAME)";
				SWIFT_EMIT_LOC_STRINGS = YES;
				SWIFT_VERSION = 5.0;
				TARGETED_DEVICE_FAMILY = 3;
			};
			name = Debug;
		};
		BF0D374D28C5A8FD004AC640 /* Release */ = {
			isa = XCBuildConfiguration;
			buildSettings = {
				ASSETCATALOG_COMPILER_APPICON_NAME = "App Icon & Top Shelf Image";
				ASSETCATALOG_COMPILER_GLOBAL_ACCENT_COLOR_NAME = AccentColor;
				CODE_SIGN_STYLE = Automatic;
				CURRENT_PROJECT_VERSION = 1;
				DEVELOPMENT_ASSET_PATHS = "\"tvOSSwiftUIAccessibilityDebugging/Preview Content\"";
				DEVELOPMENT_TEAM = WE65J257FL;
				ENABLE_PREVIEWS = YES;
				GENERATE_INFOPLIST_FILE = YES;
				INFOPLIST_KEY_UILaunchScreen_Generation = YES;
				INFOPLIST_KEY_UIUserInterfaceStyle = Automatic;
				LD_RUNPATH_SEARCH_PATHS = (
					"$(inherited)",
					"@executable_path/Frameworks",
				);
				MARKETING_VERSION = 1.0;
				PRODUCT_BUNDLE_IDENTIFIER = au.com.apptech.tvOSSwiftUIAccessibilityDebugging;
				PRODUCT_NAME = "$(TARGET_NAME)";
				SWIFT_EMIT_LOC_STRINGS = YES;
				SWIFT_VERSION = 5.0;
				TARGETED_DEVICE_FAMILY = 3;
			};
			name = Release;
		};
		BF0D374F28C5A8FD004AC640 /* Debug */ = {
			isa = XCBuildConfiguration;
			buildSettings = {
				ALWAYS_EMBED_SWIFT_STANDARD_LIBRARIES = YES;
				BUNDLE_LOADER = "$(TEST_HOST)";
				CODE_SIGN_STYLE = Automatic;
				CURRENT_PROJECT_VERSION = 1;
				DEVELOPMENT_TEAM = WE65J257FL;
				GENERATE_INFOPLIST_FILE = YES;
				MARKETING_VERSION = 1.0;
				PRODUCT_BUNDLE_IDENTIFIER = au.com.apptech.tvOSSwiftUIAccessibilityDebuggingTests;
				PRODUCT_NAME = "$(TARGET_NAME)";
				SWIFT_EMIT_LOC_STRINGS = NO;
				SWIFT_VERSION = 5.0;
				TARGETED_DEVICE_FAMILY = 3;
				TEST_HOST = "$(BUILT_PRODUCTS_DIR)/tvOSSwiftUIAccessibilityDebugging.app/tvOSSwiftUIAccessibilityDebugging";
				TVOS_DEPLOYMENT_TARGET = 15.4;
			};
			name = Debug;
		};
		BF0D375028C5A8FD004AC640 /* Release */ = {
			isa = XCBuildConfiguration;
			buildSettings = {
				ALWAYS_EMBED_SWIFT_STANDARD_LIBRARIES = YES;
				BUNDLE_LOADER = "$(TEST_HOST)";
				CODE_SIGN_STYLE = Automatic;
				CURRENT_PROJECT_VERSION = 1;
				DEVELOPMENT_TEAM = WE65J257FL;
				GENERATE_INFOPLIST_FILE = YES;
				MARKETING_VERSION = 1.0;
				PRODUCT_BUNDLE_IDENTIFIER = au.com.apptech.tvOSSwiftUIAccessibilityDebuggingTests;
				PRODUCT_NAME = "$(TARGET_NAME)";
				SWIFT_EMIT_LOC_STRINGS = NO;
				SWIFT_VERSION = 5.0;
				TARGETED_DEVICE_FAMILY = 3;
				TEST_HOST = "$(BUILT_PRODUCTS_DIR)/tvOSSwiftUIAccessibilityDebugging.app/tvOSSwiftUIAccessibilityDebugging";
				TVOS_DEPLOYMENT_TARGET = 15.4;
			};
			name = Release;
		};
		BF0D375228C5A8FD004AC640 /* Debug */ = {
			isa = XCBuildConfiguration;
			buildSettings = {
				ALWAYS_EMBED_SWIFT_STANDARD_LIBRARIES = YES;
				CODE_SIGN_STYLE = Automatic;
				CURRENT_PROJECT_VERSION = 1;
				DEVELOPMENT_TEAM = WE65J257FL;
				GENERATE_INFOPLIST_FILE = YES;
				MARKETING_VERSION = 1.0;
				PRODUCT_BUNDLE_IDENTIFIER = au.com.apptech.tvOSSwiftUIAccessibilityDebuggingUITests;
				PRODUCT_NAME = "$(TARGET_NAME)";
				SWIFT_EMIT_LOC_STRINGS = NO;
				SWIFT_VERSION = 5.0;
				TARGETED_DEVICE_FAMILY = 3;
				TEST_TARGET_NAME = tvOSSwiftUIAccessibilityDebugging;
			};
			name = Debug;
		};
		BF0D375328C5A8FD004AC640 /* Release */ = {
			isa = XCBuildConfiguration;
			buildSettings = {
				ALWAYS_EMBED_SWIFT_STANDARD_LIBRARIES = YES;
				CODE_SIGN_STYLE = Automatic;
				CURRENT_PROJECT_VERSION = 1;
				DEVELOPMENT_TEAM = WE65J257FL;
				GENERATE_INFOPLIST_FILE = YES;
				MARKETING_VERSION = 1.0;
				PRODUCT_BUNDLE_IDENTIFIER = au.com.apptech.tvOSSwiftUIAccessibilityDebuggingUITests;
				PRODUCT_NAME = "$(TARGET_NAME)";
				SWIFT_EMIT_LOC_STRINGS = NO;
				SWIFT_VERSION = 5.0;
				TARGETED_DEVICE_FAMILY = 3;
				TEST_TARGET_NAME = tvOSSwiftUIAccessibilityDebugging;
			};
			name = Release;
		};
/* End XCBuildConfiguration section */

/* Begin XCConfigurationList section */
		BF0D372228C5A8FC004AC640 /* Build configuration list for PBXProject "tvOSSwiftUIAccessibilityDebugging" */ = {
			isa = XCConfigurationList;
			buildConfigurations = (
				BF0D374928C5A8FD004AC640 /* Debug */,
				BF0D374A28C5A8FD004AC640 /* Release */,
			);
			defaultConfigurationIsVisible = 0;
			defaultConfigurationName = Release;
		};
		BF0D374B28C5A8FD004AC640 /* Build configuration list for PBXNativeTarget "tvOSSwiftUIAccessibilityDebugging" */ = {
			isa = XCConfigurationList;
			buildConfigurations = (
				BF0D374C28C5A8FD004AC640 /* Debug */,
				BF0D374D28C5A8FD004AC640 /* Release */,
			);
			defaultConfigurationIsVisible = 0;
			defaultConfigurationName = Release;
		};
		BF0D374E28C5A8FD004AC640 /* Build configuration list for PBXNativeTarget "tvOSSwiftUIAccessibilityDebuggingTests" */ = {
			isa = XCConfigurationList;
			buildConfigurations = (
				BF0D374F28C5A8FD004AC640 /* Debug */,
				BF0D375028C5A8FD004AC640 /* Release */,
			);
			defaultConfigurationIsVisible = 0;
			defaultConfigurationName = Release;
		};
		BF0D375128C5A8FD004AC640 /* Build configuration list for PBXNativeTarget "tvOSSwiftUIAccessibilityDebuggingUITests" */ = {
			isa = XCConfigurationList;
			buildConfigurations = (
				BF0D375228C5A8FD004AC640 /* Debug */,
				BF0D375328C5A8FD004AC640 /* Release */,
			);
			defaultConfigurationIsVisible = 0;
			defaultConfigurationName = Release;
		};
/* End XCConfigurationList section */
	};
	rootObject = BF0D371F28C5A8FC004AC640 /* Project object */;
}
